
Microsoft Visual Studio Solution File, Format Version 12.00
# Visual Studio Version 17
VisualStudioVersion = 17.12.35527.113
MinimumVisualStudioVersion = 10.0.40219.1
Project("{FAE04EC0-301F-11D3-BF4B-00C04F79EFBC}") = "PTJ_API", "PTJ_API\PTJ_API.csproj", "{B5AF8420-40A6-4DB3-B7C2-07857ECA0E8F}"
EndProject
Project("{FAE04EC0-301F-11D3-BF4B-00C04F79EFBC}") = "PTJ_Service", "PTJ_Service\PTJ_Service.csproj", "{A03B4121-441D-434D-98E3-15561D881923}"
EndProject
Project("{FAE04EC0-301F-11D3-BF4B-00C04F79EFBC}") = "PTJ_Data", "PTJ_Data\PTJ_Data.csproj", "{D76E78CB-223A-4A61-BF4C-69771853A565}"
EndProject
Project("{FAE04EC0-301F-11D3-BF4B-00C04F79EFBC}") = "PTJ_Models", "PTJ_Models\PTJ_Models.csproj", "{14D9B7B0-B6BB-42A7-AE64-0667140A5831}"
EndProject
Project("{FAE04EC0-301F-11D3-BF4B-00C04F79EFBC}") = "PTJ_Service.Tests", "PTJ_Service.Tests\PTJ_Service.Tests.csproj", "{AD8D6B78-9551-49E1-9CC3-8EECC0D3375C}"
EndProject
Global
	GlobalSection(SolutionConfigurationPlatforms) = preSolution
		Debug|Any CPU = Debug|Any CPU
		Release|Any CPU = Release|Any CPU
	EndGlobalSection
	GlobalSection(ProjectConfigurationPlatforms) = postSolution
		{B5AF8420-40A6-4DB3-B7C2-07857ECA0E8F}.Debug|Any CPU.ActiveCfg = Debug|Any CPU
		{B5AF8420-40A6-4DB3-B7C2-07857ECA0E8F}.Debug|Any CPU.Build.0 = Debug|Any CPU
		{B5AF8420-40A6-4DB3-B7C2-07857ECA0E8F}.Release|Any CPU.ActiveCfg = Release|Any CPU
		{B5AF8420-40A6-4DB3-B7C2-07857ECA0E8F}.Release|Any CPU.Build.0 = Release|Any CPU
		{A03B4121-441D-434D-98E3-15561D881923}.Debug|Any CPU.ActiveCfg = Debug|Any CPU
		{A03B4121-441D-434D-98E3-15561D881923}.Debug|Any CPU.Build.0 = Debug|Any CPU
		{A03B4121-441D-434D-98E3-15561D881923}.Release|Any CPU.ActiveCfg = Release|Any CPU
		{A03B4121-441D-434D-98E3-15561D881923}.Release|Any CPU.Build.0 = Release|Any CPU
		{D76E78CB-223A-4A61-BF4C-69771853A565}.Debug|Any CPU.ActiveCfg = Debug|Any CPU
		{D76E78CB-223A-4A61-BF4C-69771853A565}.Debug|Any CPU.Build.0 = Debug|Any CPU
		{D76E78CB-223A-4A61-BF4C-69771853A565}.Release|Any CPU.ActiveCfg = Release|Any CPU
		{D76E78CB-223A-4A61-BF4C-69771853A565}.Release|Any CPU.Build.0 = Release|Any CPU
		{14D9B7B0-B6BB-42A7-AE64-0667140A5831}.Debug|Any CPU.ActiveCfg = Debug|Any CPU
		{14D9B7B0-B6BB-42A7-AE64-0667140A5831}.Debug|Any CPU.Build.0 = Debug|Any CPU
		{14D9B7B0-B6BB-42A7-AE64-0667140A5831}.Release|Any CPU.ActiveCfg = Release|Any CPU
		{14D9B7B0-B6BB-42A7-AE64-0667140A5831}.Release|Any CPU.Build.0 = Release|Any CPU
		{AD8D6B78-9551-49E1-9CC3-8EECC0D3375C}.Debug|Any CPU.ActiveCfg = Debug|Any CPU
		{AD8D6B78-9551-49E1-9CC3-8EECC0D3375C}.Debug|Any CPU.Build.0 = Debug|Any CPU
		{AD8D6B78-9551-49E1-9CC3-8EECC0D3375C}.Release|Any CPU.ActiveCfg = Release|Any CPU
		{AD8D6B78-9551-49E1-9CC3-8EECC0D3375C}.Release|Any CPU.Build.0 = Release|Any CPU
	EndGlobalSection
	GlobalSection(SolutionProperties) = preSolution
		HideSolutionNode = FALSE
	EndGlobalSection
EndGlobal
